
Microsoft Visual Studio Solution File, Format Version 12.00
# Visual Studio 14
VisualStudioVersion = 14.0.23107.0
MinimumVisualStudioVersion = 10.0.40219.1
Project("{FAE04EC0-301F-11D3-BF4B-00C04F79EFBC}") = "09Trapezoids", "Trapezoids\09Trapezoids.csproj", "{3AA47E27-3459-408B-A79C-4149512E7789}"
EndProject
Project("{FAE04EC0-301F-11D3-BF4B-00C04F79EFBC}") = "08PrimeNumberCheck", "PrimeNumberCheck\08PrimeNumberCheck.csproj", "{C9FDB683-7499-486C-AC63-93BA2DB648C2}"
EndProject
Project("{FAE04EC0-301F-11D3-BF4B-00C04F79EFBC}") = "10PointInsideCircleOutsideRectangle", "PointInsideCircleOutsideRectangle\10PointInsideCircleOutsideRectangle.csproj", "{11AB0C53-F893-491F-88E0-0C8B1AAD3C64}"
EndProject
Project("{FAE04EC0-301F-11D3-BF4B-00C04F79EFBC}") = "07PointInACircle", "PointInACircle\07PointInACircle.csproj", "{325E80E5-AE15-4686-ACB2-04645959E0BA}"
EndProject
Project("{FAE04EC0-301F-11D3-BF4B-00C04F79EFBC}") = "06FourDigitNumber", "FourDigitNumber\06FourDigitNumber.csproj", "{4F91FC99-F8D4-4250-A6D6-4F7413DDCCD1}"
EndProject
Project("{FAE04EC0-301F-11D3-BF4B-00C04F79EFBC}") = "05ThirdDigitIs7", "ThirdDigitIs7\05ThirdDigitIs7.csproj", "{AEB218D0-4074-4CBC-8EE4-D7BB6BEBF3F4}"
EndProject
Project("{FAE04EC0-301F-11D3-BF4B-00C04F79EFBC}") = "04Rectangles", "Rectangles\04Rectangles.csproj", "{0D655ABC-2CB3-4C0E-B5E5-2D1CB691D865}"
EndProject
Project("{FAE04EC0-301F-11D3-BF4B-00C04F79EFBC}") = "03DivideBy7And5", "DivideBy7And5\03DivideBy7And5.csproj", "{889CF21F-B328-47C2-82F9-C1FA34AE79D9}"
EndProject
Project("{FAE04EC0-301F-11D3-BF4B-00C04F79EFBC}") = "02GravitationOnTheMoon", "GravitationOnTheMoon\02GravitationOnTheMoon.csproj", "{3D6AB2C4-87DC-4952-A3C1-42CE4AB5B9CD}"
EndProject
Project("{FAE04EC0-301F-11D3-BF4B-00C04F79EFBC}") = "01OddOrEvenIntegers", "OddOrEvenIntegers\01OddOrEvenIntegers.csproj", "{ADD55D9B-1AFD-4846-B881-AE1C9DC486F2}"
EndProject
Project("{FAE04EC0-301F-11D3-BF4B-00C04F79EFBC}") = "11ExtractBit3", "ExtractBit3\11ExtractBit3.csproj", "{4AA9CD4D-491B-48C8-B4E2-4DCBFFEEBB3A}"
EndProject
Project("{FAE04EC0-301F-11D3-BF4B-00C04F79EFBC}") = "12ExtractBitFromInteger", "ExtractBitFromInteger\12ExtractBitFromInteger.csproj", "{007AE7E2-B3AF-4155-B8EB-AAAC46D9F28A}"
EndProject
Project("{FAE04EC0-301F-11D3-BF4B-00C04F79EFBC}") = "13CheckABitAtGivenPosition", "CheckABitAtGivenPosition\13CheckABitAtGivenPosition.csproj", "{5972669C-7F2C-4AF2-AD3A-47A65215069B}"
EndProject
Project("{FAE04EC0-301F-11D3-BF4B-00C04F79EFBC}") = "14ModifyABitAtGivenPosition", "ModifyABitAtGivenPosition\14ModifyABitAtGivenPosition.csproj", "{FCDACE52-196C-4D72-8B5A-1059EC6B4057}"
EndProject
Global
	GlobalSection(SolutionConfigurationPlatforms) = preSolution
		Debug|Any CPU = Debug|Any CPU
		Release|Any CPU = Release|Any CPU
	EndGlobalSection
	GlobalSection(ProjectConfigurationPlatforms) = postSolution
		{3AA47E27-3459-408B-A79C-4149512E7789}.Debug|Any CPU.ActiveCfg = Debug|Any CPU
		{3AA47E27-3459-408B-A79C-4149512E7789}.Debug|Any CPU.Build.0 = Debug|Any CPU
		{3AA47E27-3459-408B-A79C-4149512E7789}.Release|Any CPU.ActiveCfg = Release|Any CPU
		{3AA47E27-3459-408B-A79C-4149512E7789}.Release|Any CPU.Build.0 = Release|Any CPU
		{C9FDB683-7499-486C-AC63-93BA2DB648C2}.Debug|Any CPU.ActiveCfg = Debug|Any CPU
		{C9FDB683-7499-486C-AC63-93BA2DB648C2}.Debug|Any CPU.Build.0 = Debug|Any CPU
		{C9FDB683-7499-486C-AC63-93BA2DB648C2}.Release|Any CPU.ActiveCfg = Release|Any CPU
		{C9FDB683-7499-486C-AC63-93BA2DB648C2}.Release|Any CPU.Build.0 = Release|Any CPU
		{11AB0C53-F893-491F-88E0-0C8B1AAD3C64}.Debug|Any CPU.ActiveCfg = Debug|Any CPU
		{11AB0C53-F893-491F-88E0-0C8B1AAD3C64}.Debug|Any CPU.Build.0 = Debug|Any CPU
		{11AB0C53-F893-491F-88E0-0C8B1AAD3C64}.Release|Any CPU.ActiveCfg = Release|Any CPU
		{11AB0C53-F893-491F-88E0-0C8B1AAD3C64}.Release|Any CPU.Build.0 = Release|Any CPU
		{325E80E5-AE15-4686-ACB2-04645959E0BA}.Debug|Any CPU.ActiveCfg = Debug|Any CPU
		{325E80E5-AE15-4686-ACB2-04645959E0BA}.Debug|Any CPU.Build.0 = Debug|Any CPU
		{325E80E5-AE15-4686-ACB2-04645959E0BA}.Release|Any CPU.ActiveCfg = Release|Any CPU
		{325E80E5-AE15-4686-ACB2-04645959E0BA}.Release|Any CPU.Build.0 = Release|Any CPU
		{4F91FC99-F8D4-4250-A6D6-4F7413DDCCD1}.Debug|Any CPU.ActiveCfg = Debug|Any CPU
		{4F91FC99-F8D4-4250-A6D6-4F7413DDCCD1}.Debug|Any CPU.Build.0 = Debug|Any CPU
		{4F91FC99-F8D4-4250-A6D6-4F7413DDCCD1}.Release|Any CPU.ActiveCfg = Release|Any CPU
		{4F91FC99-F8D4-4250-A6D6-4F7413DDCCD1}.Release|Any CPU.Build.0 = Release|Any CPU
		{AEB218D0-4074-4CBC-8EE4-D7BB6BEBF3F4}.Debug|Any CPU.ActiveCfg = Debug|Any CPU
		{AEB218D0-4074-4CBC-8EE4-D7BB6BEBF3F4}.Debug|Any CPU.Build.0 = Debug|Any CPU
		{AEB218D0-4074-4CBC-8EE4-D7BB6BEBF3F4}.Release|Any CPU.ActiveCfg = Release|Any CPU
		{AEB218D0-4074-4CBC-8EE4-D7BB6BEBF3F4}.Release|Any CPU.Build.0 = Release|Any CPU
		{0D655ABC-2CB3-4C0E-B5E5-2D1CB691D865}.Debug|Any CPU.ActiveCfg = Debug|Any CPU
		{0D655ABC-2CB3-4C0E-B5E5-2D1CB691D865}.Debug|Any CPU.Build.0 = Debug|Any CPU
		{0D655ABC-2CB3-4C0E-B5E5-2D1CB691D865}.Release|Any CPU.ActiveCfg = Release|Any CPU
		{0D655ABC-2CB3-4C0E-B5E5-2D1CB691D865}.Release|Any CPU.Build.0 = Release|Any CPU
		{889CF21F-B328-47C2-82F9-C1FA34AE79D9}.Debug|Any CPU.ActiveCfg = Debug|Any CPU
		{889CF21F-B328-47C2-82F9-C1FA34AE79D9}.Debug|Any CPU.Build.0 = Debug|Any CPU
		{889CF21F-B328-47C2-82F9-C1FA34AE79D9}.Release|Any CPU.ActiveCfg = Release|Any CPU
		{889CF21F-B328-47C2-82F9-C1FA34AE79D9}.Release|Any CPU.Build.0 = Release|Any CPU
		{3D6AB2C4-87DC-4952-A3C1-42CE4AB5B9CD}.Debug|Any CPU.ActiveCfg = Debug|Any CPU
		{3D6AB2C4-87DC-4952-A3C1-42CE4AB5B9CD}.Debug|Any CPU.Build.0 = Debug|Any CPU
		{3D6AB2C4-87DC-4952-A3C1-42CE4AB5B9CD}.Release|Any CPU.ActiveCfg = Release|Any CPU
		{3D6AB2C4-87DC-4952-A3C1-42CE4AB5B9CD}.Release|Any CPU.Build.0 = Release|Any CPU
		{ADD55D9B-1AFD-4846-B881-AE1C9DC486F2}.Debug|Any CPU.ActiveCfg = Debug|Any CPU
		{ADD55D9B-1AFD-4846-B881-AE1C9DC486F2}.Debug|Any CPU.Build.0 = Debug|Any CPU
		{ADD55D9B-1AFD-4846-B881-AE1C9DC486F2}.Release|Any CPU.ActiveCfg = Release|Any CPU
		{ADD55D9B-1AFD-4846-B881-AE1C9DC486F2}.Release|Any CPU.Build.0 = Release|Any CPU
		{4AA9CD4D-491B-48C8-B4E2-4DCBFFEEBB3A}.Debug|Any CPU.ActiveCfg = Debug|Any CPU
		{4AA9CD4D-491B-48C8-B4E2-4DCBFFEEBB3A}.Debug|Any CPU.Build.0 = Debug|Any CPU
		{4AA9CD4D-491B-48C8-B4E2-4DCBFFEEBB3A}.Release|Any CPU.ActiveCfg = Release|Any CPU
		{4AA9CD4D-491B-48C8-B4E2-4DCBFFEEBB3A}.Release|Any CPU.Build.0 = Release|Any CPU
		{007AE7E2-B3AF-4155-B8EB-AAAC46D9F28A}.Debug|Any CPU.ActiveCfg = Debug|Any CPU
		{007AE7E2-B3AF-4155-B8EB-AAAC46D9F28A}.Debug|Any CPU.Build.0 = Debug|Any CPU
		{007AE7E2-B3AF-4155-B8EB-AAAC46D9F28A}.Release|Any CPU.ActiveCfg = Release|Any CPU
		{007AE7E2-B3AF-4155-B8EB-AAAC46D9F28A}.Release|Any CPU.Build.0 = Release|Any CPU
		{5972669C-7F2C-4AF2-AD3A-47A65215069B}.Debug|Any CPU.ActiveCfg = Debug|Any CPU
		{5972669C-7F2C-4AF2-AD3A-47A65215069B}.Debug|Any CPU.Build.0 = Debug|Any CPU
		{5972669C-7F2C-4AF2-AD3A-47A65215069B}.Release|Any CPU.ActiveCfg = Release|Any CPU
		{5972669C-7F2C-4AF2-AD3A-47A65215069B}.Release|Any CPU.Build.0 = Release|Any CPU
		{FCDACE52-196C-4D72-8B5A-1059EC6B4057}.Debug|Any CPU.ActiveCfg = Debug|Any CPU
		{FCDACE52-196C-4D72-8B5A-1059EC6B4057}.Debug|Any CPU.Build.0 = Debug|Any CPU
		{FCDACE52-196C-4D72-8B5A-1059EC6B4057}.Release|Any CPU.ActiveCfg = Release|Any CPU
		{FCDACE52-196C-4D72-8B5A-1059EC6B4057}.Release|Any CPU.Build.0 = Release|Any CPU
	EndGlobalSection
	GlobalSection(SolutionProperties) = preSolution
		HideSolutionNode = FALSE
	EndGlobalSection
EndGlobal
